
Microsoft Visual Studio Solution File, Format Version 12.00
# Visual Studio Version 16
VisualStudioVersion = 16.0.30517.126
MinimumVisualStudioVersion = 10.0.40219.1
Project("{FAE04EC0-301F-11D3-BF4B-00C04F79EFBC}") = "client", "client\client.csproj", "{C1613BBA-3DD9-4752-819B-FD17C24CFB70}"
EndProject
Global
	GlobalSection(SolutionConfigurationPlatforms) = preSolution
		Debug|Any CPU = Debug|Any CPU
		Release|Any CPU = Release|Any CPU
	EndGlobalSection
	GlobalSection(ProjectConfigurationPlatforms) = postSolution
		{C1613BBA-3DD9-4752-819B-FD17C24CFB70}.Debug|Any CPU.ActiveCfg = Debug|Any CPU
		{C1613BBA-3DD9-4752-819B-FD17C24CFB70}.Debug|Any CPU.Build.0 = Debug|Any CPU
		{C1613BBA-3DD9-4752-819B-FD17C24CFB70}.Release|Any CPU.ActiveCfg = Release|Any CPU
		{C1613BBA-3DD9-4752-819B-FD17C24CFB70}.Release|Any CPU.Build.0 = Release|Any CPU
	EndGlobalSection
	GlobalSection(SolutionProperties) = preSolution
		HideSolutionNode = FALSE
	EndGlobalSection
	GlobalSection(ExtensibilityGlobals) = postSolution
		SolutionGuid = {1E04B3ED-DBD5-4D3E-BF65-0BCD3A0BE299}
	EndGlobalSection
EndGlobal
