
Microsoft Visual Studio Solution File, Format Version 12.00
# Visual Studio Version 16
VisualStudioVersion = 16.0.30611.23
MinimumVisualStudioVersion = 10.0.40219.1
Project("{FAE04EC0-301F-11D3-BF4B-00C04F79EFBC}") = "clientM", "clientM\clientM.csproj", "{1F003D58-A1A1-4755-994D-B3C4B317E022}"
EndProject
Global
	GlobalSection(SolutionConfigurationPlatforms) = preSolution
		Debug|Any CPU = Debug|Any CPU
		Release|Any CPU = Release|Any CPU
	EndGlobalSection
	GlobalSection(ProjectConfigurationPlatforms) = postSolution
		{1F003D58-A1A1-4755-994D-B3C4B317E022}.Debug|Any CPU.ActiveCfg = Debug|Any CPU
		{1F003D58-A1A1-4755-994D-B3C4B317E022}.Debug|Any CPU.Build.0 = Debug|Any CPU
		{1F003D58-A1A1-4755-994D-B3C4B317E022}.Release|Any CPU.ActiveCfg = Release|Any CPU
		{1F003D58-A1A1-4755-994D-B3C4B317E022}.Release|Any CPU.Build.0 = Release|Any CPU
	EndGlobalSection
	GlobalSection(SolutionProperties) = preSolution
		HideSolutionNode = FALSE
	EndGlobalSection
	GlobalSection(ExtensibilityGlobals) = postSolution
		SolutionGuid = {C403639E-FB18-499E-86A2-E0C897EEB177}
	EndGlobalSection
EndGlobal
