
Microsoft Visual Studio Solution File, Format Version 12.00
# Visual Studio Version 16
VisualStudioVersion = 16.0.30611.23
MinimumVisualStudioVersion = 10.0.40219.1
Project("{FAE04EC0-301F-11D3-BF4B-00C04F79EFBC}") = "serverM", "serverM\serverM.csproj", "{9A7F3482-E912-4287-86E2-36756AD6D22D}"
EndProject
Global
	GlobalSection(SolutionConfigurationPlatforms) = preSolution
		Debug|Any CPU = Debug|Any CPU
		Release|Any CPU = Release|Any CPU
	EndGlobalSection
	GlobalSection(ProjectConfigurationPlatforms) = postSolution
		{9A7F3482-E912-4287-86E2-36756AD6D22D}.Debug|Any CPU.ActiveCfg = Debug|Any CPU
		{9A7F3482-E912-4287-86E2-36756AD6D22D}.Debug|Any CPU.Build.0 = Debug|Any CPU
		{9A7F3482-E912-4287-86E2-36756AD6D22D}.Release|Any CPU.ActiveCfg = Release|Any CPU
		{9A7F3482-E912-4287-86E2-36756AD6D22D}.Release|Any CPU.Build.0 = Release|Any CPU
	EndGlobalSection
	GlobalSection(SolutionProperties) = preSolution
		HideSolutionNode = FALSE
	EndGlobalSection
	GlobalSection(ExtensibilityGlobals) = postSolution
		SolutionGuid = {06898881-B254-417E-8AF0-814DF4D06DC9}
	EndGlobalSection
EndGlobal
